{
  "name": "projeto_artes_ifpr",
  "lockfileVersion": 3,
  "requires": true,
  "packages": {
    "": {
      "dependencies": {
        "@glidejs/glide": "^3.6.0",
        "ui-avatar-svg": "^1.0.0"
      }
    },
    "node_modules/@glidejs/glide": {
      "version": "3.6.0",
      "resolved": "https://registry.npmjs.org/@glidejs/glide/-/glide-3.6.0.tgz",
      "integrity": "sha512-47Aa+JmYjY4xTFpTtYCwrqirmI1arnp1UZETwtWpbTPisXUAuxrdJxKJLH8KHFWMsSrLi9+AcfyfzDIuO75rEA=="
    },
    "node_modules/ui-avatar-svg": {
      "version": "1.0.0",
      "resolved": "https://registry.npmjs.org/ui-avatar-svg/-/ui-avatar-svg-1.0.0.tgz",
      "integrity": "sha512-cNVWCu20do0jNT+OqSb0UWHPrRYE91VtyNVhd5EPb2Xp5A9o6d9tETGZs7JWAlgbJMuiQZkr+8HWxbc41vkEqA=="
    }
  }
}
